{
  "name": "winter-2022-2023-project-repo-m7-keegan-anthony",
  "lockfileVersion": 3,
  "requires": true,
  "packages": {
    "": {
      "dependencies": {
        "rosefire": "git+https://ada.csse.rose-hulman.edu/rosefire/javascript-sdk.git#2.1.1"
      }
    },
    "node_modules/rosefire": {
      "version": "2.1.1",
      "resolved": "git+https://ada.csse.rose-hulman.edu/rosefire/javascript-sdk.git#65e091159ea187867987a7042fd8441f50894de6",
      "license": "MIT"
    }
  }
}
